{
  "name": "cultivation-app",
  "version": "1.0.0",
  "lockfileVersion": 3,
  "requires": true,
  "packages": {
    "": {
      "name": "cultivation-app",
      "version": "1.0.0",
      "license": "MIT",
      "dependencies": {
        "wechat-miniprogram-cli": "^1.0.0"
      }
    },
    "node_modules/wechat-miniprogram-cli": {
      "version": "1.0.0",
      "resolved": "https://registry.npmjs.org/wechat-miniprogram-cli/-/wechat-miniprogram-cli-1.0.0.tgz",
      "integrity": "sha512-aZo57eFqBcAS3P5rjdGs4EfLdGCPa0MRP0PkgGvUYR/DcN3yVEK/zehHpEn6/auzjwp36EUR7tTazwiOeFvR+Q=="
    }
  }
}
